
Microsoft Visual Studio Solution File, Format Version 12.00
# Visual Studio Version 17
VisualStudioVersion = 17.2.32630.192
MinimumVisualStudioVersion = 10.0.40219.1
Project("{FAE04EC0-301F-11D3-BF4B-00C04F79EFBC}") = "ride-driver.Android", "ride-driver.Android\ride-driver.Android.csproj", "{40D0D279-02DB-4542-A864-51DA60D15C02}"
EndProject
Project("{FAE04EC0-301F-11D3-BF4B-00C04F79EFBC}") = "ride-driver", "ride-driver\ride-driver.csproj", "{035515D4-2306-42B5-B4AC-EA60FC5B6F3E}"
EndProject
Global
	GlobalSection(SolutionConfigurationPlatforms) = preSolution
		Debug|Any CPU = Debug|Any CPU
		Release|Any CPU = Release|Any CPU
	EndGlobalSection
	GlobalSection(ProjectConfigurationPlatforms) = postSolution
		{40D0D279-02DB-4542-A864-51DA60D15C02}.Debug|Any CPU.ActiveCfg = Debug|Any CPU
		{40D0D279-02DB-4542-A864-51DA60D15C02}.Debug|Any CPU.Build.0 = Debug|Any CPU
		{40D0D279-02DB-4542-A864-51DA60D15C02}.Debug|Any CPU.Deploy.0 = Debug|Any CPU
		{40D0D279-02DB-4542-A864-51DA60D15C02}.Release|Any CPU.ActiveCfg = Release|Any CPU
		{40D0D279-02DB-4542-A864-51DA60D15C02}.Release|Any CPU.Build.0 = Release|Any CPU
		{40D0D279-02DB-4542-A864-51DA60D15C02}.Release|Any CPU.Deploy.0 = Release|Any CPU
		{035515D4-2306-42B5-B4AC-EA60FC5B6F3E}.Debug|Any CPU.ActiveCfg = Debug|Any CPU
		{035515D4-2306-42B5-B4AC-EA60FC5B6F3E}.Debug|Any CPU.Build.0 = Debug|Any CPU
		{035515D4-2306-42B5-B4AC-EA60FC5B6F3E}.Debug|Any CPU.Deploy.0 = Debug|Any CPU
		{035515D4-2306-42B5-B4AC-EA60FC5B6F3E}.Release|Any CPU.ActiveCfg = Release|Any CPU
		{035515D4-2306-42B5-B4AC-EA60FC5B6F3E}.Release|Any CPU.Build.0 = Release|Any CPU
		{035515D4-2306-42B5-B4AC-EA60FC5B6F3E}.Release|Any CPU.Deploy.0 = Release|Any CPU
	EndGlobalSection
	GlobalSection(SolutionProperties) = preSolution
		HideSolutionNode = FALSE
	EndGlobalSection
	GlobalSection(ExtensibilityGlobals) = postSolution
		SolutionGuid = {7FC35877-D0FB-491A-AC9E-F4EB4A733155}
	EndGlobalSection
EndGlobal
